
Microsoft Visual Studio Solution File, Format Version 12.00
# Visual Studio Version 16
VisualStudioVersion = 16.0.31019.35
MinimumVisualStudioVersion = 10.0.40219.1
Project("{FAE04EC0-301F-11D3-BF4B-00C04F79EFBC}") = "AngularWithCoreAPI", "AngularWithCoreAPI\AngularWithCoreAPI.csproj", "{9E200F4D-62D5-428B-A3D1-A11A434A2B4B}"
EndProject
Global
	GlobalSection(SolutionConfigurationPlatforms) = preSolution
		Debug|Any CPU = Debug|Any CPU
		Release|Any CPU = Release|Any CPU
	EndGlobalSection
	GlobalSection(ProjectConfigurationPlatforms) = postSolution
		{9E200F4D-62D5-428B-A3D1-A11A434A2B4B}.Debug|Any CPU.ActiveCfg = Debug|Any CPU
		{9E200F4D-62D5-428B-A3D1-A11A434A2B4B}.Debug|Any CPU.Build.0 = Debug|Any CPU
		{9E200F4D-62D5-428B-A3D1-A11A434A2B4B}.Release|Any CPU.ActiveCfg = Release|Any CPU
		{9E200F4D-62D5-428B-A3D1-A11A434A2B4B}.Release|Any CPU.Build.0 = Release|Any CPU
	EndGlobalSection
	GlobalSection(SolutionProperties) = preSolution
		HideSolutionNode = FALSE
	EndGlobalSection
	GlobalSection(ExtensibilityGlobals) = postSolution
		SolutionGuid = {1794942C-3CA6-46A1-B77E-E36C39CAD1DB}
	EndGlobalSection
EndGlobal
